
Microsoft Visual Studio Solution File, Format Version 12.00
# Visual Studio Version 17
VisualStudioVersion = 17.13.35818.85
MinimumVisualStudioVersion = 10.0.40219.1
Project("{FAE04EC0-301F-11D3-BF4B-00C04F79EFBC}") = "lab2_3", "lab2_3\lab2_3.csproj", "{05B11BD2-DD34-4EE5-9A75-5690FA6E9377}"
EndProject
Project("{FAE04EC0-301F-11D3-BF4B-00C04F79EFBC}") = "lab2_3.tests", "lab2_3.tests\lab2_3.tests.csproj", "{7DF3E75E-34FA-4B12-9FD5-E9801139DDA7}"
EndProject
Global
	GlobalSection(SolutionConfigurationPlatforms) = preSolution
		Debug|Any CPU = Debug|Any CPU
		Release|Any CPU = Release|Any CPU
	EndGlobalSection
	GlobalSection(ProjectConfigurationPlatforms) = postSolution
		{05B11BD2-DD34-4EE5-9A75-5690FA6E9377}.Debug|Any CPU.ActiveCfg = Debug|Any CPU
		{05B11BD2-DD34-4EE5-9A75-5690FA6E9377}.Debug|Any CPU.Build.0 = Debug|Any CPU
		{05B11BD2-DD34-4EE5-9A75-5690FA6E9377}.Release|Any CPU.ActiveCfg = Release|Any CPU
		{05B11BD2-DD34-4EE5-9A75-5690FA6E9377}.Release|Any CPU.Build.0 = Release|Any CPU
		{7DF3E75E-34FA-4B12-9FD5-E9801139DDA7}.Debug|Any CPU.ActiveCfg = Debug|Any CPU
		{7DF3E75E-34FA-4B12-9FD5-E9801139DDA7}.Debug|Any CPU.Build.0 = Debug|Any CPU
		{7DF3E75E-34FA-4B12-9FD5-E9801139DDA7}.Release|Any CPU.ActiveCfg = Release|Any CPU
		{7DF3E75E-34FA-4B12-9FD5-E9801139DDA7}.Release|Any CPU.Build.0 = Release|Any CPU
	EndGlobalSection
	GlobalSection(SolutionProperties) = preSolution
		HideSolutionNode = FALSE
	EndGlobalSection
	GlobalSection(ExtensibilityGlobals) = postSolution
		SolutionGuid = {C800C42E-2087-494C-B034-4E798E7BD41C}
	EndGlobalSection
EndGlobal
